<Solution>
  <Configurations>
    <Platform Name="Any CPU" />
    <Platform Name="x64" />
    <Platform Name="x86" />
  </Configurations>
  <Folder Name="/src/">
    <Project Path="src/Stressor.App/Stressor.App.csproj" />
    <Project Path="src/Stressor.Core/Stressor.Core.csproj" />
  </Folder>
  <Folder Name="/test/">
    <Project Path="test/Stressor.App.UnitTests/Stressor.App.UnitTests.csproj" />
    <Project Path="test/Stressor.Core.UnitTests/Stressor.Core.UnitTests.csproj" />
  </Folder>
</Solution>
